{
  "name": "rick-morty",
  "version": "0.0.0",
  "lockfileVersion": 1,
  "requires": true,
  "dependencies": {
    "@babel/parser": {
      "version": "7.17.9",
      "resolved": "http://pool.jellysmack.com:13000/repository/npm/@babel/parser/-/parser-7.17.9.tgz",
      "integrity": "sha512-vqUSBLP8dQHFPdPi9bc5GK9vRkYHJ49fsZdtoJ8EQ8ibpwk5rPKfvNIwChB0KVXcIjcepEBBd2VHC5r9Gy8ueg=="
    },
    "@babel/runtime": {
      "version": "7.17.9",
      "resolved": "http://pool.jellysmack.com:13000/repository/npm/@babel/runtime/-/runtime-7.17.9.tgz",
      "integrity": "sha512-lSiBBvodq29uShpWGNbgFdKYNiFDo5/HIYsaCEY9ff4sb10x9jizo2+pRrSyF4jKZCXqgzuqBOQKbUm90gQwJg==",
      "requires": {
        "regenerator-runtime": "^0.13.4"
      }
    },
    "@vitejs/plugin-vue": {
      "version": "2.3.1",
      "resolved": "http://pool.jellysmack.com:13000/repository/npm/@vitejs/plugin-vue/-/plugin-vue-2.3.1.tgz",
      "integrity": "sha512-YNzBt8+jt6bSwpt7LP890U1UcTOIZZxfpE5WOJ638PNxSEKOqAi0+FSKS0nVeukfdZ0Ai/H7AFd6k3hayfGZqQ==",
      "dev": true
    },
    "@vue/compiler-core": {
      "version": "3.2.32",
      "resolved": "http://pool.jellysmack.com:13000/repository/npm/@vue/compiler-core/-/compiler-core-3.2.32.tgz",
      "integrity": "sha512-bRQ8Rkpm/aYFElDWtKkTPHeLnX5pEkNxhPUcqu5crEJIilZH0yeFu/qUAcV4VfSE2AudNPkQSOwMZofhnuutmA==",
      "requires": {
        "@babel/parser": "^7.16.4",
        "@vue/shared": "3.2.32",
        "estree-walker": "^2.0.2",
        "source-map": "^0.6.1"
      }
    },
    "@vue/compiler-dom": {
      "version": "3.2.32",
      "resolved": "http://pool.jellysmack.com:13000/repository/npm/@vue/compiler-dom/-/compiler-dom-3.2.32.tgz",
      "integrity": "sha512-maa3PNB/NxR17h2hDQfcmS02o1f9r9QIpN1y6fe8tWPrS1E4+q8MqrvDDQNhYVPd84rc3ybtyumrgm9D5Rf/kg==",
      "requires": {
        "@vue/compiler-core": "3.2.32",
        "@vue/shared": "3.2.32"
      }
    },
    "@vue/compiler-sfc": {
      "version": "3.2.32",
      "resolved": "http://pool.jellysmack.com:13000/repository/npm/@vue/compiler-sfc/-/compiler-sfc-3.2.32.tgz",
      "integrity": "sha512-uO6+Gh3AVdWm72lRRCjMr8nMOEqc6ezT9lWs5dPzh1E9TNaJkMYPaRtdY9flUv/fyVQotkfjY/ponjfR+trPSg==",
      "requires": {
        "@babel/parser": "^7.16.4",
        "@vue/compiler-core": "3.2.32",
        "@vue/compiler-dom": "3.2.32",
        "@vue/compiler-ssr": "3.2.32",
        "@vue/reactivity-transform": "3.2.32",
        "@vue/shared": "3.2.32",
        "estree-walker": "^2.0.2",
        "magic-string": "^0.25.7",
        "postcss": "^8.1.10",
        "source-map": "^0.6.1"
      }
    },
    "@vue/compiler-ssr": {
      "version": "3.2.32",
      "resolved": "http://pool.jellysmack.com:13000/repository/npm/@vue/compiler-ssr/-/compiler-ssr-3.2.32.tgz",
      "integrity": "sha512-ZklVUF/SgTx6yrDUkaTaBL/JMVOtSocP+z5Xz/qIqqLdW/hWL90P+ob/jOQ0Xc/om57892Q7sRSrex0wujOL2Q==",
      "requires": {
        "@vue/compiler-dom": "3.2.32",
        "@vue/shared": "3.2.32"
      }
    },
    "@vue/devtools-api": {
      "version": "6.1.4",
      "resolved": "http://pool.jellysmack.com:13000/repository/npm/@vue/devtools-api/-/devtools-api-6.1.4.tgz",
      "integrity": "sha512-IiA0SvDrJEgXvVxjNkHPFfDx6SXw0b/TUkqMcDZWNg9fnCAHbTpoo59YfJ9QLFkwa3raau5vSlRVzMSLDnfdtQ=="
    },
    "@vue/reactivity": {
      "version": "3.2.32",
      "resolved": "http://pool.jellysmack.com:13000/repository/npm/@vue/reactivity/-/reactivity-3.2.32.tgz",
      "integrity": "sha512-4zaDumuyDqkuhbb63hRd+YHFGopW7srFIWesLUQ2su/rJfWrSq3YUvoKAJE8Eu1EhZ2Q4c1NuwnEreKj1FkDxA==",
      "requires": {
        "@vue/shared": "3.2.32"
      }
    },
    "@vue/reactivity-transform": {
      "version": "3.2.32",
      "resolved": "http://pool.jellysmack.com:13000/repository/npm/@vue/reactivity-transform/-/reactivity-transform-3.2.32.tgz",
      "integrity": "sha512-CW1W9zaJtE275tZSWIfQKiPG0iHpdtSlmTqYBu7Y62qvtMgKG5yOxtvBs4RlrZHlaqFSE26avLAgQiTp4YHozw==",
      "requires": {
        "@babel/parser": "^7.16.4",
        "@vue/compiler-core": "3.2.32",
        "@vue/shared": "3.2.32",
        "estree-walker": "^2.0.2",
        "magic-string": "^0.25.7"
      }
    },
    "@vue/runtime-core": {
      "version": "3.2.32",
      "resolved": "http://pool.jellysmack.com:13000/repository/npm/@vue/runtime-core/-/runtime-core-3.2.32.tgz",
      "integrity": "sha512-uKKzK6LaCnbCJ7rcHvsK0azHLGpqs+Vi9B28CV1mfWVq1F3Bj8Okk3cX+5DtD06aUh4V2bYhS2UjjWiUUKUF0w==",
      "requires": {
        "@vue/reactivity": "3.2.32",
        "@vue/shared": "3.2.32"
      }
    },
    "@vue/runtime-dom": {
      "version": "3.2.32",
      "resolved": "http://pool.jellysmack.com:13000/repository/npm/@vue/runtime-dom/-/runtime-dom-3.2.32.tgz",
      "integrity": "sha512-AmlIg+GPqjkNoADLjHojEX5RGcAg+TsgXOOcUrtDHwKvA8mO26EnLQLB8nylDjU6AMJh2CIYn8NEgyOV5ZIScQ==",
      "requires": {
        "@vue/runtime-core": "3.2.32",
        "@vue/shared": "3.2.32",
        "csstype": "^2.6.8"
      }
    },
    "@vue/server-renderer": {
      "version": "3.2.32",
      "resolved": "http://pool.jellysmack.com:13000/repository/npm/@vue/server-renderer/-/server-renderer-3.2.32.tgz",
      "integrity": "sha512-TYKpZZfRJpGTTiy/s6bVYwQJpAUx3G03z4G7/3O18M11oacrMTVHaHjiPuPqf3xQtY8R4LKmQ3EOT/DRCA/7Wg==",
      "requires": {
        "@vue/compiler-ssr": "3.2.32",
        "@vue/shared": "3.2.32"
      }
    },
    "@vue/shared": {
      "version": "3.2.32",
      "resolved": "http://pool.jellysmack.com:13000/repository/npm/@vue/shared/-/shared-3.2.32.tgz",
      "integrity": "sha512-bjcixPErUsAnTQRQX4Z5IQnICYjIfNCyCl8p29v1M6kfVzvwOICPw+dz48nNuWlTOOx2RHhzHdazJibE8GSnsw=="
    },
    "axios": {
      "version": "0.26.1",
      "resolved": "http://pool.jellysmack.com:13000/repository/npm/axios/-/axios-0.26.1.tgz",
      "integrity": "sha512-fPwcX4EvnSHuInCMItEhAGnaSEXRBjtzh9fOtsE6E1G6p7vl7edEeZe11QHf18+6+9gR5PbKV/sGKNaD8YaMeA==",
      "requires": {
        "follow-redirects": "^1.14.8"
      }
    },
    "balanced-match": {
      "version": "1.0.2",
      "resolved": "http://pool.jellysmack.com:13000/repository/npm/balanced-match/-/balanced-match-1.0.2.tgz",
      "integrity": "sha512-3oSeUO0TMV67hN1AmbXsK4yaqU7tjiHlbxRDZOpH0KW9+CeX4bRAaX0Anxt0tx2MrpRpWwQaPwIlISEJhYU5Pw=="
    },
    "big-integer": {
      "version": "1.6.51",
      "resolved": "http://pool.jellysmack.com:13000/repository/npm/big-integer/-/big-integer-1.6.51.tgz",
      "integrity": "sha512-GPEid2Y9QU1Exl1rpO9B2IPJGHPSupF5GnVIP0blYvNOMer2bTvSWs1jGOUg04hTmu67nmLsQ9TBo1puaotBHg=="
    },
    "brace-expansion": {
      "version": "1.1.11",
      "resolved": "http://pool.jellysmack.com:13000/repository/npm/brace-expansion/-/brace-expansion-1.1.11.tgz",
      "integrity": "sha512-iCuPHDFgrHX7H2vEI/5xpz07zSHB00TpugqhmYtVmMO6518mCuRMoOYFldEBl0g187ufozdaHgWKcYFb61qGiA==",
      "requires": {
        "balanced-match": "^1.0.0",
        "concat-map": "0.0.1"
      }
    },
    "broadcast-channel": {
      "version": "3.7.0",
      "resolved": "http://pool.jellysmack.com:13000/repository/npm/broadcast-channel/-/broadcast-channel-3.7.0.tgz",
      "integrity": "sha512-cIAKJXAxGJceNZGTZSBzMxzyOn72cVgPnKx4dc6LRjQgbaJUQqhy5rzL3zbMxkMWsGKkv2hSFkPRMEXfoMZ2Mg==",
      "requires": {
        "@babel/runtime": "^7.7.2",
        "detect-node": "^2.1.0",
        "js-sha3": "0.8.0",
        "microseconds": "0.2.0",
        "nano-time": "1.0.0",
        "oblivious-set": "1.0.0",
        "rimraf": "3.0.2",
        "unload": "2.2.0"
      }
    },
    "concat-map": {
      "version": "0.0.1",
      "resolved": "http://pool.jellysmack.com:13000/repository/npm/concat-map/-/concat-map-0.0.1.tgz",
      "integrity": "sha1-2Klr13/Wjfd5OnMDajug1UBdR3s="
    },
    "csstype": {
      "version": "2.6.20",
      "resolved": "http://pool.jellysmack.com:13000/repository/npm/csstype/-/csstype-2.6.20.tgz",
      "integrity": "sha512-/WwNkdXfckNgw6S5R125rrW8ez139lBHWouiBvX8dfMFtcn6V81REDqnH7+CRpRipfYlyU1CmOnOxrmGcFOjeA=="
    },
    "detect-node": {
      "version": "2.1.0",
      "resolved": "http://pool.jellysmack.com:13000/repository/npm/detect-node/-/detect-node-2.1.0.tgz",
      "integrity": "sha512-T0NIuQpnTvFDATNuHN5roPwSBG83rFsuO+MXXH9/3N1eFbn4wcPjttvjMLEPWJ0RGUYgQE7cGgS3tNxbqCGM7g=="
    },
    "dotenv": {
      "version": "16.0.0",
      "resolved": "http://pool.jellysmack.com:13000/repository/npm/dotenv/-/dotenv-16.0.0.tgz",
      "integrity": "sha512-qD9WU0MPM4SWLPJy/r2Be+2WgQj8plChsyrCNQzW/0WjvcJQiKQJ9mH3ZgB3fxbUUxgc/11ZJ0Fi5KiimWGz2Q=="
    },
    "esbuild": {
      "version": "0.14.36",
      "resolved": "http://pool.jellysmack.com:13000/repository/npm/esbuild/-/esbuild-0.14.36.tgz",
      "integrity": "sha512-HhFHPiRXGYOCRlrhpiVDYKcFJRdO0sBElZ668M4lh2ER0YgnkLxECuFe7uWCf23FrcLc59Pqr7dHkTqmRPDHmw==",
      "dev": true,
      "requires": {
        "esbuild-android-64": "0.14.36",
        "esbuild-android-arm64": "0.14.36",
        "esbuild-darwin-64": "0.14.36",
        "esbuild-darwin-arm64": "0.14.36",
        "esbuild-freebsd-64": "0.14.36",
        "esbuild-freebsd-arm64": "0.14.36",
        "esbuild-linux-32": "0.14.36",
        "esbuild-linux-64": "0.14.36",
        "esbuild-linux-arm": "0.14.36",
        "esbuild-linux-arm64": "0.14.36",
        "esbuild-linux-mips64le": "0.14.36",
        "esbuild-linux-ppc64le": "0.14.36",
        "esbuild-linux-riscv64": "0.14.36",
        "esbuild-linux-s390x": "0.14.36",
        "esbuild-netbsd-64": "0.14.36",
        "esbuild-openbsd-64": "0.14.36",
        "esbuild-sunos-64": "0.14.36",
        "esbuild-windows-32": "0.14.36",
        "esbuild-windows-64": "0.14.36",
        "esbuild-windows-arm64": "0.14.36"
      }
    },
    "esbuild-android-64": {
      "version": "0.14.36",
      "resolved": "http://pool.jellysmack.com:13000/repository/npm/esbuild-android-64/-/esbuild-android-64-0.14.36.tgz",
      "integrity": "sha512-jwpBhF1jmo0tVCYC/ORzVN+hyVcNZUWuozGcLHfod0RJCedTDTvR4nwlTXdx1gtncDqjk33itjO+27OZHbiavw==",
      "dev": true,
      "optional": true
    },
    "esbuild-android-arm64": {
      "version": "0.14.36",
      "resolved": "http://pool.jellysmack.com:13000/repository/npm/esbuild-android-arm64/-/esbuild-android-arm64-0.14.36.tgz",
      "integrity": "sha512-/hYkyFe7x7Yapmfv4X/tBmyKnggUmdQmlvZ8ZlBnV4+PjisrEhAvC3yWpURuD9XoB8Wa1d5dGkTsF53pIvpjsg==",
      "dev": true,
      "optional": true
    },
    "esbuild-darwin-64": {
      "version": "0.14.36",
      "resolved": "http://pool.jellysmack.com:13000/repository/npm/esbuild-darwin-64/-/esbuild-darwin-64-0.14.36.tgz",
      "integrity": "sha512-kkl6qmV0dTpyIMKagluzYqlc1vO0ecgpviK/7jwPbRDEv5fejRTaBBEE2KxEQbTHcLhiiDbhG7d5UybZWo/1zQ==",
      "dev": true,
      "optional": true
    },
    "esbuild-darwin-arm64": {
      "version": "0.14.36",
      "resolved": "http://pool.jellysmack.com:13000/repository/npm/esbuild-darwin-arm64/-/esbuild-darwin-arm64-0.14.36.tgz",
      "integrity": "sha512-q8fY4r2Sx6P0Pr3VUm//eFYKVk07C5MHcEinU1BjyFnuYz4IxR/03uBbDwluR6ILIHnZTE7AkTUWIdidRi1Jjw==",
      "dev": true,
      "optional": true
    },
    "esbuild-freebsd-64": {
      "version": "0.14.36",
      "resolved": "http://pool.jellysmack.com:13000/repository/npm/esbuild-freebsd-64/-/esbuild-freebsd-64-0.14.36.tgz",
      "integrity": "sha512-Hn8AYuxXXRptybPqoMkga4HRFE7/XmhtlQjXFHoAIhKUPPMeJH35GYEUWGbjteai9FLFvBAjEAlwEtSGxnqWww==",
      "dev": true,
      "optional": true
    },
    "esbuild-freebsd-arm64": {
      "version": "0.14.36",
      "resolved": "http://pool.jellysmack.com:13000/repository/npm/esbuild-freebsd-arm64/-/esbuild-freebsd-arm64-0.14.36.tgz",
      "integrity": "sha512-S3C0attylLLRiCcHiJd036eDEMOY32+h8P+jJ3kTcfhJANNjP0TNBNL30TZmEdOSx/820HJFgRrqpNAvTbjnDA==",
      "dev": true,
      "optional": true
    },
    "esbuild-linux-32": {
      "version": "0.14.36",
      "resolved": "http://pool.jellysmack.com:13000/repository/npm/esbuild-linux-32/-/esbuild-linux-32-0.14.36.tgz",
      "integrity": "sha512-Eh9OkyTrEZn9WGO4xkI3OPPpUX7p/3QYvdG0lL4rfr73Ap2HAr6D9lP59VMF64Ex01LhHSXwIsFG/8AQjh6eNw==",
      "dev": true,
      "optional": true
    },
    "esbuild-linux-64": {
      "version": "0.14.36",
      "resolved": "http://pool.jellysmack.com:13000/repository/npm/esbuild-linux-64/-/esbuild-linux-64-0.14.36.tgz",
      "integrity": "sha512-vFVFS5ve7PuwlfgoWNyRccGDi2QTNkQo/2k5U5ttVD0jRFaMlc8UQee708fOZA6zTCDy5RWsT5MJw3sl2X6KDg==",
      "dev": true,
      "optional": true
    },
    "esbuild-linux-arm": {
      "version": "0.14.36",
      "resolved": "http://pool.jellysmack.com:13000/repository/npm/esbuild-linux-arm/-/esbuild-linux-arm-0.14.36.tgz",
      "integrity": "sha512-NhgU4n+NCsYgt7Hy61PCquEz5aevI6VjQvxwBxtxrooXsxt5b2xtOUXYZe04JxqQo+XZk3d1gcr7pbV9MAQ/Lg==",
      "dev": true,
      "optional": true
    },
    "esbuild-linux-arm64": {
      "version": "0.14.36",
      "resolved": "http://pool.jellysmack.com:13000/repository/npm/esbuild-linux-arm64/-/esbuild-linux-arm64-0.14.36.tgz",
      "integrity": "sha512-24Vq1M7FdpSmaTYuu1w0Hdhiqkbto1I5Pjyi+4Cdw5fJKGlwQuw+hWynTcRI/cOZxBcBpP21gND7W27gHAiftw==",
      "dev": true,
      "optional": true
    },
    "esbuild-linux-mips64le": {
      "version": "0.14.36",
      "resolved": "http://pool.jellysmack.com:13000/repository/npm/esbuild-linux-mips64le/-/esbuild-linux-mips64le-0.14.36.tgz",
      "integrity": "sha512-hZUeTXvppJN+5rEz2EjsOFM9F1bZt7/d2FUM1lmQo//rXh1RTFYzhC0txn7WV0/jCC7SvrGRaRz0NMsRPf8SIA==",
      "dev": true,
      "optional": true
    },
    "esbuild-linux-ppc64le": {
      "version": "0.14.36",
      "resolved": "http://pool.jellysmack.com:13000/repository/npm/esbuild-linux-ppc64le/-/esbuild-linux-ppc64le-0.14.36.tgz",
      "integrity": "sha512-1Bg3QgzZjO+QtPhP9VeIBhAduHEc2kzU43MzBnMwpLSZ890azr4/A9Dganun8nsqD/1TBcqhId0z4mFDO8FAvg==",
      "dev": true,
      "optional": true
    },
    "esbuild-linux-riscv64": {
      "version": "0.14.36",
      "resolved": "http://pool.jellysmack.com:13000/repository/npm/esbuild-linux-riscv64/-/esbuild-linux-riscv64-0.14.36.tgz",
      "integrity": "sha512-dOE5pt3cOdqEhaufDRzNCHf5BSwxgygVak9UR7PH7KPVHwSTDAZHDoEjblxLqjJYpc5XaU9+gKJ9F8mp9r5I4A==",
      "dev": true,
      "optional": true
    },
    "esbuild-linux-s390x": {
      "version": "0.14.36",
      "resolved": "http://pool.jellysmack.com:13000/repository/npm/esbuild-linux-s390x/-/esbuild-linux-s390x-0.14.36.tgz",
      "integrity": "sha512-g4FMdh//BBGTfVHjF6MO7Cz8gqRoDPzXWxRvWkJoGroKA18G9m0wddvPbEqcQf5Tbt2vSc1CIgag7cXwTmoTXg==",
      "dev": true,
      "optional": true
    },
    "esbuild-netbsd-64": {
      "version": "0.14.36",
      "resolved": "http://pool.jellysmack.com:13000/repository/npm/esbuild-netbsd-64/-/esbuild-netbsd-64-0.14.36.tgz",
      "integrity": "sha512-UB2bVImxkWk4vjnP62ehFNZ73lQY1xcnL5ZNYF3x0AG+j8HgdkNF05v67YJdCIuUJpBuTyCK8LORCYo9onSW+A==",
      "dev": true,
      "optional": true
    },
    "esbuild-openbsd-64": {
      "version": "0.14.36",
      "resolved": "http://pool.jellysmack.com:13000/repository/npm/esbuild-openbsd-64/-/esbuild-openbsd-64-0.14.36.tgz",
      "integrity": "sha512-NvGB2Chf8GxuleXRGk8e9zD3aSdRO5kLt9coTQbCg7WMGXeX471sBgh4kSg8pjx0yTXRt0MlrUDnjVYnetyivg==",
      "dev": true,
      "optional": true
    },
    "esbuild-sunos-64": {
      "version": "0.14.36",
      "resolved": "http://pool.jellysmack.com:13000/repository/npm/esbuild-sunos-64/-/esbuild-sunos-64-0.14.36.tgz",
      "integrity": "sha512-VkUZS5ftTSjhRjuRLp+v78auMO3PZBXu6xl4ajomGenEm2/rGuWlhFSjB7YbBNErOchj51Jb2OK8lKAo8qdmsQ==",
      "dev": true,
      "optional": true
    },
    "esbuild-windows-32": {
      "version": "0.14.36",
      "resolved": "http://pool.jellysmack.com:13000/repository/npm/esbuild-windows-32/-/esbuild-windows-32-0.14.36.tgz",
      "integrity": "sha512-bIar+A6hdytJjZrDxfMBUSEHHLfx3ynoEZXx/39nxy86pX/w249WZm8Bm0dtOAByAf4Z6qV0LsnTIJHiIqbw0w==",
      "dev": true,
      "optional": true
    },
    "esbuild-windows-64": {
      "version": "0.14.36",
      "resolved": "http://pool.jellysmack.com:13000/repository/npm/esbuild-windows-64/-/esbuild-windows-64-0.14.36.tgz",
      "integrity": "sha512-+p4MuRZekVChAeueT1Y9LGkxrT5x7YYJxYE8ZOTcEfeUUN43vktSn6hUNsvxzzATrSgq5QqRdllkVBxWZg7KqQ==",
      "dev": true,
      "optional": true
    },
    "esbuild-windows-arm64": {
      "version": "0.14.36",
      "resolved": "http://pool.jellysmack.com:13000/repository/npm/esbuild-windows-arm64/-/esbuild-windows-arm64-0.14.36.tgz",
      "integrity": "sha512-fBB4WlDqV1m18EF/aheGYQkQZHfPHiHJSBYzXIo8yKehek+0BtBwo/4PNwKGJ5T0YK0oc8pBKjgwPbzSrPLb+Q==",
      "dev": true,
      "optional": true
    },
    "estree-walker": {
      "version": "2.0.2",
      "resolved": "http://pool.jellysmack.com:13000/repository/npm/estree-walker/-/estree-walker-2.0.2.tgz",
      "integrity": "sha512-Rfkk/Mp/DL7JVje3u18FxFujQlTNR2q6QfMSMB7AvCBx91NGj/ba3kCfza0f6dVDbw7YlRf/nDrn7pQrCCyQ/w=="
    },
    "follow-redirects": {
      "version": "1.14.9",
      "resolved": "http://pool.jellysmack.com:13000/repository/npm/follow-redirects/-/follow-redirects-1.14.9.tgz",
      "integrity": "sha512-MQDfihBQYMcyy5dhRDJUHcw7lb2Pv/TuE6xP1vyraLukNDHKbDxDNaOE3NbCAdKQApno+GPRyo1YAp89yCjK4w=="
    },
    "fs.realpath": {
      "version": "1.0.0",
      "resolved": "http://pool.jellysmack.com:13000/repository/npm/fs.realpath/-/fs.realpath-1.0.0.tgz",
      "integrity": "sha1-FQStJSMVjKpA20onh8sBQRmU6k8="
    },
    "fsevents": {
      "version": "2.3.2",
      "resolved": "http://pool.jellysmack.com:13000/repository/npm/fsevents/-/fsevents-2.3.2.tgz",
      "integrity": "sha512-xiqMQR4xAeHTuB9uWm+fFRcIOgKBMiOBP+eXiyT7jsgVCq1bkVygt00oASowB7EdtpOHaaPgKt812P9ab+DDKA==",
      "dev": true,
      "optional": true
    },
    "function-bind": {
      "version": "1.1.1",
      "resolved": "http://pool.jellysmack.com:13000/repository/npm/function-bind/-/function-bind-1.1.1.tgz",
      "integrity": "sha512-yIovAzMX49sF8Yl58fSCWJ5svSLuaibPxXQJFLmBObTuCr0Mf1KiPopGM9NiFjiYBCbfaa2Fh6breQ6ANVTI0A==",
      "dev": true
    },
    "glob": {
      "version": "7.2.0",
      "resolved": "http://pool.jellysmack.com:13000/repository/npm/glob/-/glob-7.2.0.tgz",
      "integrity": "sha512-lmLf6gtyrPq8tTjSmrO94wBeQbFR3HbLHbuyD69wuyQkImp2hWqMGB47OX65FBkPffO641IP9jWa1z4ivqG26Q==",
      "requires": {
        "fs.realpath": "^1.0.0",
        "inflight": "^1.0.4",
        "inherits": "2",
        "minimatch": "^3.0.4",
        "once": "^1.3.0",
        "path-is-absolute": "^1.0.0"
      }
    },
    "has": {
      "version": "1.0.3",
      "resolved": "http://pool.jellysmack.com:13000/repository/npm/has/-/has-1.0.3.tgz",
      "integrity": "sha512-f2dvO0VU6Oej7RkWJGrehjbzMAjFp5/VKPp5tTpWIV4JHHZK1/BxbFRtf/siA2SWTe09caDmVtYYzWEIbBS4zw==",
      "dev": true,
      "requires": {
        "function-bind": "^1.1.1"
      }
    },
    "inflight": {
      "version": "1.0.6",
      "resolved": "http://pool.jellysmack.com:13000/repository/npm/inflight/-/inflight-1.0.6.tgz",
      "integrity": "sha1-Sb1jMdfQLQwJvJEKEHW6gWW1bfk=",
      "requires": {
        "once": "^1.3.0",
        "wrappy": "1"
      }
    },
    "inherits": {
      "version": "2.0.4",
      "resolved": "http://pool.jellysmack.com:13000/repository/npm/inherits/-/inherits-2.0.4.tgz",
      "integrity": "sha512-k/vGaX4/Yla3WzyMCvTQOXYeIHvqOKtnqBduzTHpzpQZzAskKMhZ2K+EnBiSM9zGSoIFeMpXKxa4dYeZIQqewQ=="
    },
    "is-core-module": {
      "version": "2.8.1",
      "resolved": "http://pool.jellysmack.com:13000/repository/npm/is-core-module/-/is-core-module-2.8.1.tgz",
      "integrity": "sha512-SdNCUs284hr40hFTFP6l0IfZ/RSrMXF3qgoRHd3/79unUTvrFO/JoXwkGm+5J/Oe3E/b5GsnG330uUNgRpu1PA==",
      "dev": true,
      "requires": {
        "has": "^1.0.3"
      }
    },
    "js-sha3": {
      "version": "0.8.0",
      "resolved": "http://pool.jellysmack.com:13000/repository/npm/js-sha3/-/js-sha3-0.8.0.tgz",
      "integrity": "sha512-gF1cRrHhIzNfToc802P800N8PpXS+evLLXfsVpowqmAFR9uwbi89WvXg2QspOmXL8QL86J4T1EpFu+yUkwJY3Q=="
    },
    "magic-string": {
      "version": "0.25.9",
      "resolved": "http://pool.jellysmack.com:13000/repository/npm/magic-string/-/magic-string-0.25.9.tgz",
      "integrity": "sha512-RmF0AsMzgt25qzqqLc1+MbHmhdx0ojF2Fvs4XnOqz2ZOBXzzkEwc/dJQZCYHAn7v1jbVOjAZfK8msRn4BxO4VQ==",
      "requires": {
        "sourcemap-codec": "^1.4.8"
      }
    },
    "match-sorter": {
      "version": "6.3.1",
      "resolved": "http://pool.jellysmack.com:13000/repository/npm/match-sorter/-/match-sorter-6.3.1.tgz",
      "integrity": "sha512-mxybbo3pPNuA+ZuCUhm5bwNkXrJTbsk5VWbR5wiwz/GC6LIiegBGn2w3O08UG/jdbYLinw51fSQ5xNU1U3MgBw==",
      "requires": {
        "@babel/runtime": "^7.12.5",
        "remove-accents": "0.4.2"
      }
    },
    "microseconds": {
      "version": "0.2.0",
      "resolved": "http://pool.jellysmack.com:13000/repository/npm/microseconds/-/microseconds-0.2.0.tgz",
      "integrity": "sha512-n7DHHMjR1avBbSpsTBj6fmMGh2AGrifVV4e+WYc3Q9lO+xnSZ3NyhcBND3vzzatt05LFhoKFRxrIyklmLlUtyA=="
    },
    "minimatch": {
      "version": "3.1.2",
      "resolved": "http://pool.jellysmack.com:13000/repository/npm/minimatch/-/minimatch-3.1.2.tgz",
      "integrity": "sha512-J7p63hRiAjw1NDEww1W7i37+ByIrOWO5XQQAzZ3VOcL0PNybwpfmV/N05zFAzwQ9USyEcX6t3UO+K5aqBQOIHw==",
      "requires": {
        "brace-expansion": "^1.1.7"
      }
    },
    "nano-time": {
      "version": "1.0.0",
      "resolved": "http://pool.jellysmack.com:13000/repository/npm/nano-time/-/nano-time-1.0.0.tgz",
      "integrity": "sha1-sFVPaa2J4i0JB/ehKwmTpdlhN+8=",
      "requires": {
        "big-integer": "^1.6.16"
      }
    },
    "nanoid": {
      "version": "3.3.2",
      "resolved": "http://pool.jellysmack.com:13000/repository/npm/nanoid/-/nanoid-3.3.2.tgz",
      "integrity": "sha512-CuHBogktKwpm5g2sRgv83jEy2ijFzBwMoYA60orPDR7ynsLijJDqgsi4RDGj3OJpy3Ieb+LYwiRmIOGyytgITA=="
    },
    "oblivious-set": {
      "version": "1.0.0",
      "resolved": "http://pool.jellysmack.com:13000/repository/npm/oblivious-set/-/oblivious-set-1.0.0.tgz",
      "integrity": "sha512-z+pI07qxo4c2CulUHCDf9lcqDlMSo72N/4rLUpRXf6fu+q8vjt8y0xS+Tlf8NTJDdTXHbdeO1n3MlbctwEoXZw=="
    },
    "once": {
      "version": "1.4.0",
      "resolved": "http://pool.jellysmack.com:13000/repository/npm/once/-/once-1.4.0.tgz",
      "integrity": "sha1-WDsap3WWHUsROsF9nFC6753Xa9E=",
      "requires": {
        "wrappy": "1"
      }
    },
    "path-is-absolute": {
      "version": "1.0.1",
      "resolved": "http://pool.jellysmack.com:13000/repository/npm/path-is-absolute/-/path-is-absolute-1.0.1.tgz",
      "integrity": "sha1-F0uSaHNVNP+8es5r9TpanhtcX18="
    },
    "path-parse": {
      "version": "1.0.7",
      "resolved": "http://pool.jellysmack.com:13000/repository/npm/path-parse/-/path-parse-1.0.7.tgz",
      "integrity": "sha512-LDJzPVEEEPR+y48z93A0Ed0yXb8pAByGWo/k5YYdYgpY2/2EsOsksJrq7lOHxryrVOn1ejG6oAp8ahvOIQD8sw==",
      "dev": true
    },
    "picocolors": {
      "version": "1.0.0",
      "resolved": "http://pool.jellysmack.com:13000/repository/npm/picocolors/-/picocolors-1.0.0.tgz",
      "integrity": "sha512-1fygroTLlHu66zi26VoTDv8yRgm0Fccecssto+MhsZ0D/DGW2sm8E8AjW7NU5VVTRt5GxbeZ5qBuJr+HyLYkjQ=="
    },
    "pinia": {
      "version": "2.0.13",
      "resolved": "http://pool.jellysmack.com:13000/repository/npm/pinia/-/pinia-2.0.13.tgz",
      "integrity": "sha512-B7rSqm1xNpwcPMnqns8/gVBfbbi7lWTByzS6aPZ4JOXSJD4Y531rZHDCoYWBwLyHY/8hWnXljgiXp6rRyrofcw==",
      "requires": {
        "@vue/devtools-api": "^6.1.4",
        "vue-demi": "*"
      }
    },
    "postcss": {
      "version": "8.4.12",
      "resolved": "http://pool.jellysmack.com:13000/repository/npm/postcss/-/postcss-8.4.12.tgz",
      "integrity": "sha512-lg6eITwYe9v6Hr5CncVbK70SoioNQIq81nsaG86ev5hAidQvmOeETBqs7jm43K2F5/Ley3ytDtriImV6TpNiSg==",
      "requires": {
        "nanoid": "^3.3.1",
        "picocolors": "^1.0.0",
        "source-map-js": "^1.0.2"
      }
    },
    "react-query": {
      "version": "3.38.0",
      "resolved": "http://pool.jellysmack.com:13000/repository/npm/react-query/-/react-query-3.38.0.tgz",
      "integrity": "sha512-VRbCTRrDfC5FsB70+JfZuxFRv9SAvkZ1h36MsN8+QaDN+NWB6s1vJndqpoLQnJqN0COTG2zsInMq0KFdYze6TA==",
      "requires": {
        "@babel/runtime": "^7.5.5",
        "broadcast-channel": "^3.4.1",
        "match-sorter": "^6.0.2"
      }
    },
    "regenerator-runtime": {
      "version": "0.13.9",
      "resolved": "http://pool.jellysmack.com:13000/repository/npm/regenerator-runtime/-/regenerator-runtime-0.13.9.tgz",
      "integrity": "sha512-p3VT+cOEgxFsRRA9X4lkI1E+k2/CtnKtU4gcxyaCUreilL/vqI6CdZ3wxVUx3UOUg+gnUOQQcRI7BmSI656MYA=="
    },
    "remove-accents": {
      "version": "0.4.2",
      "resolved": "http://pool.jellysmack.com:13000/repository/npm/remove-accents/-/remove-accents-0.4.2.tgz",
      "integrity": "sha1-CkPTqq4egNuRngeuJUsoXZ4ce7U="
    },
    "resolve": {
      "version": "1.22.0",
      "resolved": "http://pool.jellysmack.com:13000/repository/npm/resolve/-/resolve-1.22.0.tgz",
      "integrity": "sha512-Hhtrw0nLeSrFQ7phPp4OOcVjLPIeMnRlr5mcnVuMe7M/7eBn98A3hmFRLoFo3DLZkivSYwhRUJTyPyWAk56WLw==",
      "dev": true,
      "requires": {
        "is-core-module": "^2.8.1",
        "path-parse": "^1.0.7",
        "supports-preserve-symlinks-flag": "^1.0.0"
      }
    },
    "rimraf": {
      "version": "3.0.2",
      "resolved": "http://pool.jellysmack.com:13000/repository/npm/rimraf/-/rimraf-3.0.2.tgz",
      "integrity": "sha512-JZkJMZkAGFFPP2YqXZXPbMlMBgsxzE8ILs4lMIX/2o0L9UBw9O/Y3o6wFw/i9YLapcUJWwqbi3kdxIPdC62TIA==",
      "requires": {
        "glob": "^7.1.3"
      }
    },
    "rollup": {
      "version": "2.70.1",
      "resolved": "http://pool.jellysmack.com:13000/repository/npm/rollup/-/rollup-2.70.1.tgz",
      "integrity": "sha512-CRYsI5EuzLbXdxC6RnYhOuRdtz4bhejPMSWjsFLfVM/7w/85n2szZv6yExqUXsBdz5KT8eoubeyDUDjhLHEslA==",
      "dev": true,
      "requires": {
        "fsevents": "~2.3.2"
      }
    },
    "source-map": {
      "version": "0.6.1",
      "resolved": "http://pool.jellysmack.com:13000/repository/npm/source-map/-/source-map-0.6.1.tgz",
      "integrity": "sha512-UjgapumWlbMhkBgzT7Ykc5YXUT46F0iKu8SGXq0bcwP5dz/h0Plj6enJqjz1Zbq2l5WaqYnrVbwWOWMyF3F47g=="
    },
    "source-map-js": {
      "version": "1.0.2",
      "resolved": "http://pool.jellysmack.com:13000/repository/npm/source-map-js/-/source-map-js-1.0.2.tgz",
      "integrity": "sha512-R0XvVJ9WusLiqTCEiGCmICCMplcCkIwwR11mOSD9CR5u+IXYdiseeEuXCVAjS54zqwkLcPNnmU4OeJ6tUrWhDw=="
    },
    "sourcemap-codec": {
      "version": "1.4.8",
      "resolved": "http://pool.jellysmack.com:13000/repository/npm/sourcemap-codec/-/sourcemap-codec-1.4.8.tgz",
      "integrity": "sha512-9NykojV5Uih4lgo5So5dtw+f0JgJX30KCNI8gwhz2J9A15wD0Ml6tjHKwf6fTSa6fAdVBdZeNOs9eJ71qCk8vA=="
    },
    "supports-preserve-symlinks-flag": {
      "version": "1.0.0",
      "resolved": "http://pool.jellysmack.com:13000/repository/npm/supports-preserve-symlinks-flag/-/supports-preserve-symlinks-flag-1.0.0.tgz",
      "integrity": "sha512-ot0WnXS9fgdkgIcePe6RHNk1WA8+muPa6cSjeR3V8K27q9BB1rTE3R1p7Hv0z1ZyAc8s6Vvv8DIyWf681MAt0w==",
      "dev": true
    },
    "unload": {
      "version": "2.2.0",
      "resolved": "http://pool.jellysmack.com:13000/repository/npm/unload/-/unload-2.2.0.tgz",
      "integrity": "sha512-B60uB5TNBLtN6/LsgAf3udH9saB5p7gqJwcFfbOEZ8BcBHnGwCf6G/TGiEqkRAxX7zAFIUtzdrXQSdL3Q/wqNA==",
      "requires": {
        "@babel/runtime": "^7.6.2",
        "detect-node": "^2.0.4"
      }
    },
    "vite": {
      "version": "2.9.1",
      "resolved": "http://pool.jellysmack.com:13000/repository/npm/vite/-/vite-2.9.1.tgz",
      "integrity": "sha512-vSlsSdOYGcYEJfkQ/NeLXgnRv5zZfpAsdztkIrs7AZHV8RCMZQkwjo4DS5BnrYTqoWqLoUe1Cah4aVO4oNNqCQ==",
      "dev": true,
      "requires": {
        "esbuild": "^0.14.27",
        "fsevents": "~2.3.2",
        "postcss": "^8.4.12",
        "resolve": "^1.22.0",
        "rollup": "^2.59.0"
      }
    },
    "vue": {
      "version": "3.2.32",
      "resolved": "http://pool.jellysmack.com:13000/repository/npm/vue/-/vue-3.2.32.tgz",
      "integrity": "sha512-6L3jKZApF042OgbCkh+HcFeAkiYi3Lovi8wNhWqIK98Pi5efAMLZzRHgi91v+60oIRxdJsGS9sTMsb+yDpY8Eg==",
      "requires": {
        "@vue/compiler-dom": "3.2.32",
        "@vue/compiler-sfc": "3.2.32",
        "@vue/runtime-dom": "3.2.32",
        "@vue/server-renderer": "3.2.32",
        "@vue/shared": "3.2.32"
      }
    },
    "vue-demi": {
      "version": "0.12.5",
      "resolved": "http://pool.jellysmack.com:13000/repository/npm/vue-demi/-/vue-demi-0.12.5.tgz",
      "integrity": "sha512-BREuTgTYlUr0zw0EZn3hnhC3I6gPWv+Kwh4MCih6QcAeaTlaIX0DwOVN0wHej7hSvDPecz4jygy/idsgKfW58Q=="
    },
    "vue-query": {
      "version": "1.22.3",
      "resolved": "http://pool.jellysmack.com:13000/repository/npm/vue-query/-/vue-query-1.22.3.tgz",
      "integrity": "sha512-QoDKuZMxOTpVU6ao1LeW7WvtEtrSW9m18rs/k4Pf5nGh9+zOkswDCYuiFgWdiOvEPmDRAH6R0/sXNAPib0GjfA==",
      "requires": {
        "@vue/devtools-api": "^6.1.4",
        "match-sorter": "^6.3.1",
        "react-query": "^3.34.19",
        "vue-demi": "0.10.1"
      },
      "dependencies": {
        "vue-demi": {
          "version": "0.10.1",
          "resolved": "http://pool.jellysmack.com:13000/repository/npm/vue-demi/-/vue-demi-0.10.1.tgz",
          "integrity": "sha512-L6Oi+BvmMv6YXvqv5rJNCFHEKSVu7llpWWJczqmAQYOdmPPw5PNYoz1KKS//Fxhi+4QP64dsPjtmvnYGo1jemA=="
        }
      }
    },
    "vue-router": {
      "version": "4.0.14",
      "resolved": "http://pool.jellysmack.com:13000/repository/npm/vue-router/-/vue-router-4.0.14.tgz",
      "integrity": "sha512-wAO6zF9zxA3u+7AkMPqw9LjoUCjSxfFvINQj3E/DceTt6uEz1XZLraDhdg2EYmvVwTBSGlLYsUw8bDmx0754Mw==",
      "requires": {
        "@vue/devtools-api": "^6.0.0"
      }
    },
    "wrappy": {
      "version": "1.0.2",
      "resolved": "http://pool.jellysmack.com:13000/repository/npm/wrappy/-/wrappy-1.0.2.tgz",
      "integrity": "sha1-tSQ9jz7BqjXxNkYFvA0QNuMKtp8="
    }
  }
}
